
Microsoft Visual Studio Solution File, Format Version 12.00
# Visual Studio 15
VisualStudioVersion = 15.0.27703.2035
MinimumVisualStudioVersion = 10.0.40219.1
Project("{FAE04EC0-301F-11D3-BF4B-00C04F79EFBC}") = "Altkom.Intel.ParallelProg.ConsoleClient", "Altkom.Intel.ParallelProg.ConsoleClient\Altkom.Intel.ParallelProg.ConsoleClient.csproj", "{68BD6AED-C4D1-41C2-910D-5D1C643FDAF2}"
EndProject
Project("{FAE04EC0-301F-11D3-BF4B-00C04F79EFBC}") = "Altkom.Intel.ParallelProg.Downloader", "Altkom.Intel.ParallelProg.Downloader\Altkom.Intel.ParallelProg.Downloader.csproj", "{D5119E7C-E606-4C95-9B2B-2DD477818474}"
EndProject
Project("{FAE04EC0-301F-11D3-BF4B-00C04F79EFBC}") = "Altkom.Intel.ParallelProg.Reactive", "Altkom.Intel.ParallelProg.Reactive\Altkom.Intel.ParallelProg.Reactive.csproj", "{04286B09-D6C2-4235-A623-9B737517FF9B}"
EndProject
Global
	GlobalSection(SolutionConfigurationPlatforms) = preSolution
		Debug|Any CPU = Debug|Any CPU
		Release|Any CPU = Release|Any CPU
	EndGlobalSection
	GlobalSection(ProjectConfigurationPlatforms) = postSolution
		{68BD6AED-C4D1-41C2-910D-5D1C643FDAF2}.Debug|Any CPU.ActiveCfg = Debug|Any CPU
		{68BD6AED-C4D1-41C2-910D-5D1C643FDAF2}.Debug|Any CPU.Build.0 = Debug|Any CPU
		{68BD6AED-C4D1-41C2-910D-5D1C643FDAF2}.Release|Any CPU.ActiveCfg = Release|Any CPU
		{68BD6AED-C4D1-41C2-910D-5D1C643FDAF2}.Release|Any CPU.Build.0 = Release|Any CPU
		{D5119E7C-E606-4C95-9B2B-2DD477818474}.Debug|Any CPU.ActiveCfg = Debug|Any CPU
		{D5119E7C-E606-4C95-9B2B-2DD477818474}.Debug|Any CPU.Build.0 = Debug|Any CPU
		{D5119E7C-E606-4C95-9B2B-2DD477818474}.Release|Any CPU.ActiveCfg = Release|Any CPU
		{D5119E7C-E606-4C95-9B2B-2DD477818474}.Release|Any CPU.Build.0 = Release|Any CPU
		{04286B09-D6C2-4235-A623-9B737517FF9B}.Debug|Any CPU.ActiveCfg = Debug|Any CPU
		{04286B09-D6C2-4235-A623-9B737517FF9B}.Debug|Any CPU.Build.0 = Debug|Any CPU
		{04286B09-D6C2-4235-A623-9B737517FF9B}.Release|Any CPU.ActiveCfg = Release|Any CPU
		{04286B09-D6C2-4235-A623-9B737517FF9B}.Release|Any CPU.Build.0 = Release|Any CPU
	EndGlobalSection
	GlobalSection(SolutionProperties) = preSolution
		HideSolutionNode = FALSE
	EndGlobalSection
	GlobalSection(ExtensibilityGlobals) = postSolution
		SolutionGuid = {72CBA7C6-06AB-44A1-A4ED-2C746F1C6A3D}
	EndGlobalSection
EndGlobal
